
Microsoft Visual Studio Solution File, Format Version 12.00
# Visual Studio 14
VisualStudioVersion = 14.0.23107.0
MinimumVisualStudioVersion = 10.0.40219.1
Project("{FAE04EC0-301F-11D3-BF4B-00C04F79EFBC}") = "Workshop 2", "OOP\Workshop 2.csproj", "{69EE4FD4-6783-496F-A972-98BC538BE523}"
EndProject
Project("{F088123C-0E9E-452A-89E6-6BA2F21D5CAC}") = "BoatClubModel", "ModelingProject\BoatClubModel.modelproj", "{DCB0BCB2-3614-4F7C-8198-285D3745345B}"
EndProject
Global
	GlobalSection(SolutionConfigurationPlatforms) = preSolution
		Debug|Any CPU = Debug|Any CPU
		Release|Any CPU = Release|Any CPU
	EndGlobalSection
	GlobalSection(ProjectConfigurationPlatforms) = postSolution
		{69EE4FD4-6783-496F-A972-98BC538BE523}.Debug|Any CPU.ActiveCfg = Debug|Any CPU
		{69EE4FD4-6783-496F-A972-98BC538BE523}.Debug|Any CPU.Build.0 = Debug|Any CPU
		{69EE4FD4-6783-496F-A972-98BC538BE523}.Release|Any CPU.ActiveCfg = Release|Any CPU
		{69EE4FD4-6783-496F-A972-98BC538BE523}.Release|Any CPU.Build.0 = Release|Any CPU
		{69EE4FD4-6783-496F-A972-98BC538BE523}.Release|Any CPU.Deploy.0 = Release|Any CPU
		{DCB0BCB2-3614-4F7C-8198-285D3745345B}.Debug|Any CPU.ActiveCfg = Debug|Any CPU
		{DCB0BCB2-3614-4F7C-8198-285D3745345B}.Debug|Any CPU.Build.0 = Debug|Any CPU
		{DCB0BCB2-3614-4F7C-8198-285D3745345B}.Release|Any CPU.ActiveCfg = Release|Any CPU
		{DCB0BCB2-3614-4F7C-8198-285D3745345B}.Release|Any CPU.Build.0 = Release|Any CPU
		{DCB0BCB2-3614-4F7C-8198-285D3745345B}.Release|Any CPU.Deploy.0 = Release|Any CPU
	EndGlobalSection
	GlobalSection(SolutionProperties) = preSolution
		HideSolutionNode = FALSE
	EndGlobalSection
EndGlobal
